
Microsoft Visual Studio Solution File, Format Version 12.00
# Visual Studio Version 17
VisualStudioVersion = 17.5.33502.453
MinimumVisualStudioVersion = 10.0.40219.1
Project("{FAE04EC0-301F-11D3-BF4B-00C04F79EFBC}") = "Calendar", "Calendar.csproj", "{DED95973-3B41-4DA4-9E2C-2026955EBAC2}"
EndProject
Global
	GlobalSection(SolutionConfigurationPlatforms) = preSolution
		Debug|Any CPU = Debug|Any CPU
		Release|Any CPU = Release|Any CPU
	EndGlobalSection
	GlobalSection(ProjectConfigurationPlatforms) = postSolution
		{DED95973-3B41-4DA4-9E2C-2026955EBAC2}.Debug|Any CPU.ActiveCfg = Debug|Any CPU
		{DED95973-3B41-4DA4-9E2C-2026955EBAC2}.Debug|Any CPU.Build.0 = Debug|Any CPU
		{DED95973-3B41-4DA4-9E2C-2026955EBAC2}.Release|Any CPU.ActiveCfg = Release|Any CPU
		{DED95973-3B41-4DA4-9E2C-2026955EBAC2}.Release|Any CPU.Build.0 = Release|Any CPU
	EndGlobalSection
	GlobalSection(SolutionProperties) = preSolution
		HideSolutionNode = FALSE
	EndGlobalSection
	GlobalSection(ExtensibilityGlobals) = postSolution
		SolutionGuid = {EBFC6AD6-0EB6-4F71-B967-8FB765CF3FC0}
	EndGlobalSection
EndGlobal
